// !$*UTF8*$!
{
	archiveVersion = 1;
	classes = {
	};
	objectVersion = 50;
	objects = {

/* Begin PBXBuildFile section */
		66C5EA39213A4BCF0067FCCA /* AppDelegate.swift in Sources */ = {isa = PBXBuildFile; fileRef = 66C5EA38213A4BCF0067FCCA /* AppDelegate.swift */; };
		66C5EA40213A4BD10067FCCA /* Assets.xcassets in Resources */ = {isa = PBXBuildFile; fileRef = 66C5EA3F213A4BD10067FCCA /* Assets.xcassets */; };
		66C5EA43213A4BD10067FCCA /* LaunchScreen.storyboard in Resources */ = {isa = PBXBuildFile; fileRef = 66C5EA41213A4BD10067FCCA /* LaunchScreen.storyboard */; };
		66C5EA5D213A4C920067FCCA /* FFImageSearchVC.swift in Sources */ = {isa = PBXBuildFile; fileRef = 66C5EA5B213A4C920067FCCA /* FFImageSearchVC.swift */; };
		66C5EA5E213A4C920067FCCA /* FFImageSearchVC.xib in Resources */ = {isa = PBXBuildFile; fileRef = 66C5EA5C213A4C920067FCCA /* FFImageSearchVC.xib */; };
		66C5EA61213A4D670067FCCA /* FFImageSearchViewModel.swift in Sources */ = {isa = PBXBuildFile; fileRef = 66C5EA60213A4D670067FCCA /* FFImageSearchViewModel.swift */; };
		66C5EA63213A4E860067FCCA /* FFImagesCollectionView.swift in Sources */ = {isa = PBXBuildFile; fileRef = 66C5EA62213A4E860067FCCA /* FFImagesCollectionView.swift */; };
		66C5EA65213A4EA60067FCCA /* FFImagesCollectionView.xib in Resources */ = {isa = PBXBuildFile; fileRef = 66C5EA64213A4EA50067FCCA /* FFImagesCollectionView.xib */; };
		66C5EA67213A572C0067FCCA /* Helpers.swift in Sources */ = {isa = PBXBuildFile; fileRef = 66C5EA66213A572C0067FCCA /* Helpers.swift */; };
		66C5EA6B213A5D890067FCCA /* FFImageCollectionViewCell.swift in Sources */ = {isa = PBXBuildFile; fileRef = 66C5EA69213A5D890067FCCA /* FFImageCollectionViewCell.swift */; };
		66C5EA6C213A5D890067FCCA /* FFImageCollectionViewCell.xib in Resources */ = {isa = PBXBuildFile; fileRef = 66C5EA6A213A5D890067FCCA /* FFImageCollectionViewCell.xib */; };
		66C5EA6E213A64400067FCCA /* NetworkHelpers.swift in Sources */ = {isa = PBXBuildFile; fileRef = 66C5EA6D213A64400067FCCA /* NetworkHelpers.swift */; };
		66C5EA70213A64530067FCCA /* FlickrNetworkServices.swift in Sources */ = {isa = PBXBuildFile; fileRef = 66C5EA6F213A64530067FCCA /* FlickrNetworkServices.swift */; };
		66C5EA72213A73000067FCCA /* FlickrServicesTests.swift in Sources */ = {isa = PBXBuildFile; fileRef = 66C5EA71213A73000067FCCA /* FlickrServicesTests.swift */; };
		66C5EA74213A75DF0067FCCA /* FlickrNetworkServices.swift in Sources */ = {isa = PBXBuildFile; fileRef = 66C5EA6F213A64530067FCCA /* FlickrNetworkServices.swift */; };
		66C5EA75213A75E20067FCCA /* NetworkHelpers.swift in Sources */ = {isa = PBXBuildFile; fileRef = 66C5EA6D213A64400067FCCA /* NetworkHelpers.swift */; };
		66C5EA78213A7A8B0067FCCA /* FFImageModel.swift in Sources */ = {isa = PBXBuildFile; fileRef = 66C5EA77213A7A8B0067FCCA /* FFImageModel.swift */; };
		66C5EA79213A7CB40067FCCA /* FFImageModel.swift in Sources */ = {isa = PBXBuildFile; fileRef = 66C5EA77213A7A8B0067FCCA /* FFImageModel.swift */; };
		66C5EA7B213A7E6C0067FCCA /* FFImagesListModel.swift in Sources */ = {isa = PBXBuildFile; fileRef = 66C5EA7A213A7E6C0067FCCA /* FFImagesListModel.swift */; };
		66C5EA7D213A7F080067FCCA /* FFImageServiceResponseWrapper.swift in Sources */ = {isa = PBXBuildFile; fileRef = 66C5EA7C213A7F080067FCCA /* FFImageServiceResponseWrapper.swift */; };
		66C5EA7E213A7F910067FCCA /* FFImagesListModel.swift in Sources */ = {isa = PBXBuildFile; fileRef = 66C5EA7A213A7E6C0067FCCA /* FFImagesListModel.swift */; };
		66C5EA7F213A7F970067FCCA /* FFImageServiceResponseWrapper.swift in Sources */ = {isa = PBXBuildFile; fileRef = 66C5EA7C213A7F080067FCCA /* FFImageServiceResponseWrapper.swift */; };
		66C5EA81213A91890067FCCA /* TestingUtils.swift in Sources */ = {isa = PBXBuildFile; fileRef = 66C5EA80213A91890067FCCA /* TestingUtils.swift */; };
		66C5EA84213AB6C20067FCCA /* FFLoadmoreCollectionViewCell.swift in Sources */ = {isa = PBXBuildFile; fileRef = 66C5EA82213AB6C20067FCCA /* FFLoadmoreCollectionViewCell.swift */; };
		66C5EA85213AB6C20067FCCA /* FFLoadmoreCollectionViewCell.xib in Resources */ = {isa = PBXBuildFile; fileRef = 66C5EA83213AB6C20067FCCA /* FFLoadmoreCollectionViewCell.xib */; };
		66D89C99213AF202006956F7 /* Helpers.swift in Sources */ = {isa = PBXBuildFile; fileRef = 66C5EA66213A572C0067FCCA /* Helpers.swift */; };
		66D89C9B213AF7AA006956F7 /* FlickrFramesModelDecodingTests.swift in Sources */ = {isa = PBXBuildFile; fileRef = 66D89C9A213AF7AA006956F7 /* FlickrFramesModelDecodingTests.swift */; };
		66D89C9C213B04FF006956F7 /* FFImageSearchViewModel.swift in Sources */ = {isa = PBXBuildFile; fileRef = 66C5EA60213A4D670067FCCA /* FFImageSearchViewModel.swift */; };
		66D89C9D213B0C76006956F7 /* FFLoadmoreCollectionViewCell.swift in Sources */ = {isa = PBXBuildFile; fileRef = 66C5EA82213AB6C20067FCCA /* FFLoadmoreCollectionViewCell.swift */; };
		66D89C9E213B0C84006956F7 /* FFImageCollectionViewCell.swift in Sources */ = {isa = PBXBuildFile; fileRef = 66C5EA69213A5D890067FCCA /* FFImageCollectionViewCell.swift */; };
		66D89CA3213B961E006956F7 /* StubImageFetchService.swift in Sources */ = {isa = PBXBuildFile; fileRef = 66D89CA2213B961E006956F7 /* StubImageFetchService.swift */; };
		66D89CA5213B9945006956F7 /* ImageCacheHelper.swift in Sources */ = {isa = PBXBuildFile; fileRef = 66D89CA4213B9945006956F7 /* ImageCacheHelper.swift */; };
		66D89CA6213B9949006956F7 /* ImageCacheHelper.swift in Sources */ = {isa = PBXBuildFile; fileRef = 66D89CA4213B9945006956F7 /* ImageCacheHelper.swift */; };
/* End PBXBuildFile section */

/* Begin PBXContainerItemProxy section */
		66C5EA4A213A4BD10067FCCA /* PBXContainerItemProxy */ = {
			isa = PBXContainerItemProxy;
			containerPortal = 66C5EA2D213A4BCF0067FCCA /* Project object */;
			proxyType = 1;
			remoteGlobalIDString = 66C5EA34213A4BCF0067FCCA;
			remoteInfo = FlickrFrames;
		};
/* End PBXContainerItemProxy section */

/* Begin PBXFileReference section */
		66C5EA35213A4BCF0067FCCA /* FlickrFrames.app */ = {isa = PBXFileReference; explicitFileType = wrapper.application; includeInIndex = 0; path = FlickrFrames.app; sourceTree = BUILT_PRODUCTS_DIR; };
		66C5EA38213A4BCF0067FCCA /* AppDelegate.swift */ = {isa = PBXFileReference; lastKnownFileType = sourcecode.swift; path = AppDelegate.swift; sourceTree = "<group>"; };
		66C5EA3F213A4BD10067FCCA /* Assets.xcassets */ = {isa = PBXFileReference; lastKnownFileType = folder.assetcatalog; path = Assets.xcassets; sourceTree = "<group>"; };
		66C5EA42213A4BD10067FCCA /* Base */ = {isa = PBXFileReference; lastKnownFileType = file.storyboard; name = Base; path = Base.lproj/LaunchScreen.storyboard; sourceTree = "<group>"; };
		66C5EA44213A4BD10067FCCA /* Info.plist */ = {isa = PBXFileReference; lastKnownFileType = text.plist.xml; path = Info.plist; sourceTree = "<group>"; };
		66C5EA49213A4BD10067FCCA /* FlickrFramesTests.xctest */ = {isa = PBXFileReference; explicitFileType = wrapper.cfbundle; includeInIndex = 0; path = FlickrFramesTests.xctest; sourceTree = BUILT_PRODUCTS_DIR; };
		66C5EA4F213A4BD10067FCCA /* Info.plist */ = {isa = PBXFileReference; lastKnownFileType = text.plist.xml; path = Info.plist; sourceTree = "<group>"; };
		66C5EA5B213A4C920067FCCA /* FFImageSearchVC.swift */ = {isa = PBXFileReference; lastKnownFileType = sourcecode.swift; path = FFImageSearchVC.swift; sourceTree = "<group>"; };
		66C5EA5C213A4C920067FCCA /* FFImageSearchVC.xib */ = {isa = PBXFileReference; lastKnownFileType = file.xib; path = FFImageSearchVC.xib; sourceTree = "<group>"; };
		66C5EA60213A4D670067FCCA /* FFImageSearchViewModel.swift */ = {isa = PBXFileReference; lastKnownFileType = sourcecode.swift; path = FFImageSearchViewModel.swift; sourceTree = "<group>"; };
		66C5EA62213A4E860067FCCA /* FFImagesCollectionView.swift */ = {isa = PBXFileReference; lastKnownFileType = sourcecode.swift; path = FFImagesCollectionView.swift; sourceTree = "<group>"; };
		66C5EA64213A4EA50067FCCA /* FFImagesCollectionView.xib */ = {isa = PBXFileReference; lastKnownFileType = file.xib; path = FFImagesCollectionView.xib; sourceTree = "<group>"; };
		66C5EA66213A572C0067FCCA /* Helpers.swift */ = {isa = PBXFileReference; lastKnownFileType = sourcecode.swift; path = Helpers.swift; sourceTree = "<group>"; };
		66C5EA69213A5D890067FCCA /* FFImageCollectionViewCell.swift */ = {isa = PBXFileReference; lastKnownFileType = sourcecode.swift; path = FFImageCollectionViewCell.swift; sourceTree = "<group>"; };
		66C5EA6A213A5D890067FCCA /* FFImageCollectionViewCell.xib */ = {isa = PBXFileReference; lastKnownFileType = file.xib; path = FFImageCollectionViewCell.xib; sourceTree = "<group>"; };
		66C5EA6D213A64400067FCCA /* NetworkHelpers.swift */ = {isa = PBXFileReference; lastKnownFileType = sourcecode.swift; path = NetworkHelpers.swift; sourceTree = "<group>"; };
		66C5EA6F213A64530067FCCA /* FlickrNetworkServices.swift */ = {isa = PBXFileReference; lastKnownFileType = sourcecode.swift; path = FlickrNetworkServices.swift; sourceTree = "<group>"; };
		66C5EA71213A73000067FCCA /* FlickrServicesTests.swift */ = {isa = PBXFileReference; lastKnownFileType = sourcecode.swift; path = FlickrServicesTests.swift; sourceTree = "<group>"; };
		66C5EA77213A7A8B0067FCCA /* FFImageModel.swift */ = {isa = PBXFileReference; lastKnownFileType = sourcecode.swift; path = FFImageModel.swift; sourceTree = "<group>"; };
		66C5EA7A213A7E6C0067FCCA /* FFImagesListModel.swift */ = {isa = PBXFileReference; lastKnownFileType = sourcecode.swift; path = FFImagesListModel.swift; sourceTree = "<group>"; };
		66C5EA7C213A7F080067FCCA /* FFImageServiceResponseWrapper.swift */ = {isa = PBXFileReference; lastKnownFileType = sourcecode.swift; path = FFImageServiceResponseWrapper.swift; sourceTree = "<group>"; };
		66C5EA80213A91890067FCCA /* TestingUtils.swift */ = {isa = PBXFileReference; lastKnownFileType = sourcecode.swift; path = TestingUtils.swift; sourceTree = "<group>"; };
		66C5EA82213AB6C20067FCCA /* FFLoadmoreCollectionViewCell.swift */ = {isa = PBXFileReference; lastKnownFileType = sourcecode.swift; path = FFLoadmoreCollectionViewCell.swift; sourceTree = "<group>"; };
		66C5EA83213AB6C20067FCCA /* FFLoadmoreCollectionViewCell.xib */ = {isa = PBXFileReference; lastKnownFileType = file.xib; path = FFLoadmoreCollectionViewCell.xib; sourceTree = "<group>"; };
		66D89C9A213AF7AA006956F7 /* FlickrFramesModelDecodingTests.swift */ = {isa = PBXFileReference; lastKnownFileType = sourcecode.swift; path = FlickrFramesModelDecodingTests.swift; sourceTree = "<group>"; };
		66D89CA2213B961E006956F7 /* StubImageFetchService.swift */ = {isa = PBXFileReference; lastKnownFileType = sourcecode.swift; path = StubImageFetchService.swift; sourceTree = "<group>"; };
		66D89CA4213B9945006956F7 /* ImageCacheHelper.swift */ = {isa = PBXFileReference; lastKnownFileType = sourcecode.swift; path = ImageCacheHelper.swift; sourceTree = "<group>"; };
/* End PBXFileReference section */

/* Begin PBXFrameworksBuildPhase section */
		66C5EA32213A4BCF0067FCCA /* Frameworks */ = {
			isa = PBXFrameworksBuildPhase;
			buildActionMask = 2147483647;
			files = (
			);
			runOnlyForDeploymentPostprocessing = 0;
		};
		66C5EA46213A4BD10067FCCA /* Frameworks */ = {
			isa = PBXFrameworksBuildPhase;
			buildActionMask = 2147483647;
			files = (
			);
			runOnlyForDeploymentPostprocessing = 0;
		};
/* End PBXFrameworksBuildPhase section */

/* Begin PBXGroup section */
		66C5EA2C213A4BCF0067FCCA = {
			isa = PBXGroup;
			children = (
				66C5EA37213A4BCF0067FCCA /* FlickrFrames */,
				66C5EA4C213A4BD10067FCCA /* FlickrFramesTests */,
				66C5EA36213A4BCF0067FCCA /* Products */,
			);
			sourceTree = "<group>";
		};
		66C5EA36213A4BCF0067FCCA /* Products */ = {
			isa = PBXGroup;
			children = (
				66C5EA35213A4BCF0067FCCA /* FlickrFrames.app */,
				66C5EA49213A4BD10067FCCA /* FlickrFramesTests.xctest */,
			);
			name = Products;
			sourceTree = "<group>";
		};
		66C5EA37213A4BCF0067FCCA /* FlickrFrames */ = {
			isa = PBXGroup;
			children = (
				66C5EA44213A4BD10067FCCA /* Info.plist */,
				66C5EA59213A4C410067FCCA /* Module */,
				66C5EA76213A7A550067FCCA /* Models */,
				66C5EA5A213A4C4A0067FCCA /* Common */,
				66C5EA58213A4C2C0067FCCA /* Networking helpers */,
			);
			path = FlickrFrames;
			sourceTree = "<group>";
		};
		66C5EA4C213A4BD10067FCCA /* FlickrFramesTests */ = {
			isa = PBXGroup;
			children = (
				66D89C9A213AF7AA006956F7 /* FlickrFramesModelDecodingTests.swift */,
				66C5EA71213A73000067FCCA /* FlickrServicesTests.swift */,
				66D89CA2213B961E006956F7 /* StubImageFetchService.swift */,
				66C5EA80213A91890067FCCA /* TestingUtils.swift */,
				66C5EA4F213A4BD10067FCCA /* Info.plist */,
			);
			path = FlickrFramesTests;
			sourceTree = "<group>";
		};
		66C5EA58213A4C2C0067FCCA /* Networking helpers */ = {
			isa = PBXGroup;
			children = (
				66C5EA6F213A64530067FCCA /* FlickrNetworkServices.swift */,
				66C5EA6D213A64400067FCCA /* NetworkHelpers.swift */,
			);
			path = "Networking helpers";
			sourceTree = "<group>";
		};
		66C5EA59213A4C410067FCCA /* Module */ = {
			isa = PBXGroup;
			children = (
				66C5EA5F213A4D470067FCCA /* Image Search */,
			);
			path = Module;
			sourceTree = "<group>";
		};
		66C5EA5A213A4C4A0067FCCA /* Common */ = {
			isa = PBXGroup;
			children = (
				66C5EA38213A4BCF0067FCCA /* AppDelegate.swift */,
				66C5EA3F213A4BD10067FCCA /* Assets.xcassets */,
				66C5EA41213A4BD10067FCCA /* LaunchScreen.storyboard */,
				66C5EA66213A572C0067FCCA /* Helpers.swift */,
				66D89CA4213B9945006956F7 /* ImageCacheHelper.swift */,
			);
			path = Common;
			sourceTree = "<group>";
		};
		66C5EA5F213A4D470067FCCA /* Image Search */ = {
			isa = PBXGroup;
			children = (
				66C5EA68213A5D610067FCCA /* Custom collection view */,
				66C5EA60213A4D670067FCCA /* FFImageSearchViewModel.swift */,
				66C5EA5B213A4C920067FCCA /* FFImageSearchVC.swift */,
				66C5EA5C213A4C920067FCCA /* FFImageSearchVC.xib */,
			);
			path = "Image Search";
			sourceTree = "<group>";
		};
		66C5EA68213A5D610067FCCA /* Custom collection view */ = {
			isa = PBXGroup;
			children = (
				66C5EA69213A5D890067FCCA /* FFImageCollectionViewCell.swift */,
				66C5EA6A213A5D890067FCCA /* FFImageCollectionViewCell.xib */,
				66C5EA82213AB6C20067FCCA /* FFLoadmoreCollectionViewCell.swift */,
				66C5EA83213AB6C20067FCCA /* FFLoadmoreCollectionViewCell.xib */,
				66C5EA62213A4E860067FCCA /* FFImagesCollectionView.swift */,
				66C5EA64213A4EA50067FCCA /* FFImagesCollectionView.xib */,
			);
			path = "Custom collection view";
			sourceTree = "<group>";
		};
		66C5EA76213A7A550067FCCA /* Models */ = {
			isa = PBXGroup;
			children = (
				66C5EA77213A7A8B0067FCCA /* FFImageModel.swift */,
				66C5EA7A213A7E6C0067FCCA /* FFImagesListModel.swift */,
				66C5EA7C213A7F080067FCCA /* FFImageServiceResponseWrapper.swift */,
			);
			path = Models;
			sourceTree = "<group>";
		};
/* End PBXGroup section */

/* Begin PBXNativeTarget section */
		66C5EA34213A4BCF0067FCCA /* FlickrFrames */ = {
			isa = PBXNativeTarget;
			buildConfigurationList = 66C5EA52213A4BD10067FCCA /* Build configuration list for PBXNativeTarget "FlickrFrames" */;
			buildPhases = (
				66C5EA31213A4BCF0067FCCA /* Sources */,
				66C5EA32213A4BCF0067FCCA /* Frameworks */,
				66C5EA33213A4BCF0067FCCA /* Resources */,
			);
			buildRules = (
			);
			dependencies = (
			);
			name = FlickrFrames;
			productName = FlickrFrames;
			productReference = 66C5EA35213A4BCF0067FCCA /* FlickrFrames.app */;
			productType = "com.apple.product-type.application";
		};
		66C5EA48213A4BD10067FCCA /* FlickrFramesTests */ = {
			isa = PBXNativeTarget;
			buildConfigurationList = 66C5EA55213A4BD10067FCCA /* Build configuration list for PBXNativeTarget "FlickrFramesTests" */;
			buildPhases = (
				66C5EA45213A4BD10067FCCA /* Sources */,
				66C5EA46213A4BD10067FCCA /* Frameworks */,
				66C5EA47213A4BD10067FCCA /* Resources */,
			);
			buildRules = (
			);
			dependencies = (
				66C5EA4B213A4BD10067FCCA /* PBXTargetDependency */,
			);
			name = FlickrFramesTests;
			productName = FlickrFramesTests;
			productReference = 66C5EA49213A4BD10067FCCA /* FlickrFramesTests.xctest */;
			productType = "com.apple.product-type.bundle.unit-test";
		};
/* End PBXNativeTarget section */

/* Begin PBXProject section */
		66C5EA2D213A4BCF0067FCCA /* Project object */ = {
			isa = PBXProject;
			attributes = {
				LastSwiftUpdateCheck = 0940;
				LastUpgradeCheck = 0940;
				ORGANIZATIONNAME = VMP;
				TargetAttributes = {
					66C5EA34213A4BCF0067FCCA = {
						CreatedOnToolsVersion = 9.4.1;
					};
					66C5EA48213A4BD10067FCCA = {
						CreatedOnToolsVersion = 9.4.1;
						TestTargetID = 66C5EA34213A4BCF0067FCCA;
					};
				};
			};
			buildConfigurationList = 66C5EA30213A4BCF0067FCCA /* Build configuration list for PBXProject "FlickrFrames" */;
			compatibilityVersion = "Xcode 9.3";
			developmentRegion = en;
			hasScannedForEncodings = 0;
			knownRegions = (
				en,
				Base,
			);
			mainGroup = 66C5EA2C213A4BCF0067FCCA;
			productRefGroup = 66C5EA36213A4BCF0067FCCA /* Products */;
			projectDirPath = "";
			projectRoot = "";
			targets = (
				66C5EA34213A4BCF0067FCCA /* FlickrFrames */,
				66C5EA48213A4BD10067FCCA /* FlickrFramesTests */,
			);
		};
/* End PBXProject section */

/* Begin PBXResourcesBuildPhase section */
		66C5EA33213A4BCF0067FCCA /* Resources */ = {
			isa = PBXResourcesBuildPhase;
			buildActionMask = 2147483647;
			files = (
				66C5EA85213AB6C20067FCCA /* FFLoadmoreCollectionViewCell.xib in Resources */,
				66C5EA6C213A5D890067FCCA /* FFImageCollectionViewCell.xib in Resources */,
				66C5EA65213A4EA60067FCCA /* FFImagesCollectionView.xib in Resources */,
				66C5EA43213A4BD10067FCCA /* LaunchScreen.storyboard in Resources */,
				66C5EA40213A4BD10067FCCA /* Assets.xcassets in Resources */,
				66C5EA5E213A4C920067FCCA /* FFImageSearchVC.xib in Resources */,
			);
			runOnlyForDeploymentPostprocessing = 0;
		};
		66C5EA47213A4BD10067FCCA /* Resources */ = {
			isa = PBXResourcesBuildPhase;
			buildActionMask = 2147483647;
			files = (
			);
			runOnlyForDeploymentPostprocessing = 0;
		};
/* End PBXResourcesBuildPhase section */

/* Begin PBXSourcesBuildPhase section */
		66C5EA31213A4BCF0067FCCA /* Sources */ = {
			isa = PBXSourcesBuildPhase;
			buildActionMask = 2147483647;
			files = (
				66C5EA6B213A5D890067FCCA /* FFImageCollectionViewCell.swift in Sources */,
				66D89CA5213B9945006956F7 /* ImageCacheHelper.swift in Sources */,
				66C5EA6E213A64400067FCCA /* NetworkHelpers.swift in Sources */,
				66C5EA67213A572C0067FCCA /* Helpers.swift in Sources */,
				66C5EA84213AB6C20067FCCA /* FFLoadmoreCollectionViewCell.swift in Sources */,
				66C5EA7B213A7E6C0067FCCA /* FFImagesListModel.swift in Sources */,
				66C5EA63213A4E860067FCCA /* FFImagesCollectionView.swift in Sources */,
				66C5EA5D213A4C920067FCCA /* FFImageSearchVC.swift in Sources */,
				66C5EA61213A4D670067FCCA /* FFImageSearchViewModel.swift in Sources */,
				66C5EA39213A4BCF0067FCCA /* AppDelegate.swift in Sources */,
				66C5EA70213A64530067FCCA /* FlickrNetworkServices.swift in Sources */,
				66C5EA7D213A7F080067FCCA /* FFImageServiceResponseWrapper.swift in Sources */,
				66C5EA78213A7A8B0067FCCA /* FFImageModel.swift in Sources */,
			);
			runOnlyForDeploymentPostprocessing = 0;
		};
		66C5EA45213A4BD10067FCCA /* Sources */ = {
			isa = PBXSourcesBuildPhase;
			buildActionMask = 2147483647;
			files = (
				66D89CA3213B961E006956F7 /* StubImageFetchService.swift in Sources */,
				66D89C9E213B0C84006956F7 /* FFImageCollectionViewCell.swift in Sources */,
				66C5EA75213A75E20067FCCA /* NetworkHelpers.swift in Sources */,
				66C5EA7F213A7F970067FCCA /* FFImageServiceResponseWrapper.swift in Sources */,
				66D89CA6213B9949006956F7 /* ImageCacheHelper.swift in Sources */,
				66C5EA7E213A7F910067FCCA /* FFImagesListModel.swift in Sources */,
				66D89C9B213AF7AA006956F7 /* FlickrFramesModelDecodingTests.swift in Sources */,
				66C5EA72213A73000067FCCA /* FlickrServicesTests.swift in Sources */,
				66D89C99213AF202006956F7 /* Helpers.swift in Sources */,
				66D89C9D213B0C76006956F7 /* FFLoadmoreCollectionViewCell.swift in Sources */,
				66C5EA74213A75DF0067FCCA /* FlickrNetworkServices.swift in Sources */,
				66C5EA79213A7CB40067FCCA /* FFImageModel.swift in Sources */,
				66D89C9C213B04FF006956F7 /* FFImageSearchViewModel.swift in Sources */,
				66C5EA81213A91890067FCCA /* TestingUtils.swift in Sources */,
			);
			runOnlyForDeploymentPostprocessing = 0;
		};
/* End PBXSourcesBuildPhase section */

/* Begin PBXTargetDependency section */
		66C5EA4B213A4BD10067FCCA /* PBXTargetDependency */ = {
			isa = PBXTargetDependency;
			target = 66C5EA34213A4BCF0067FCCA /* FlickrFrames */;
			targetProxy = 66C5EA4A213A4BD10067FCCA /* PBXContainerItemProxy */;
		};
/* End PBXTargetDependency section */

/* Begin PBXVariantGroup section */
		66C5EA41213A4BD10067FCCA /* LaunchScreen.storyboard */ = {
			isa = PBXVariantGroup;
			children = (
				66C5EA42213A4BD10067FCCA /* Base */,
			);
			name = LaunchScreen.storyboard;
			sourceTree = "<group>";
		};
/* End PBXVariantGroup section */

/* Begin XCBuildConfiguration section */
		66C5EA50213A4BD10067FCCA /* Debug */ = {
			isa = XCBuildConfiguration;
			buildSettings = {
				ALWAYS_EMBED_SWIFT_STANDARD_LIBRARIES = YES;
				ALWAYS_SEARCH_USER_PATHS = NO;
				CLANG_ANALYZER_NONNULL = YES;
				CLANG_ANALYZER_NUMBER_OBJECT_CONVERSION = YES_AGGRESSIVE;
				CLANG_CXX_LANGUAGE_STANDARD = "gnu++14";
				CLANG_CXX_LIBRARY = "libc++";
				CLANG_ENABLE_MODULES = YES;
				CLANG_ENABLE_OBJC_ARC = YES;
				CLANG_ENABLE_OBJC_WEAK = YES;
				CLANG_WARN_BLOCK_CAPTURE_AUTORELEASING = YES;
				CLANG_WARN_BOOL_CONVERSION = YES;
				CLANG_WARN_COMMA = YES;
				CLANG_WARN_CONSTANT_CONVERSION = YES;
				CLANG_WARN_DEPRECATED_OBJC_IMPLEMENTATIONS = YES;
				CLANG_WARN_DIRECT_OBJC_ISA_USAGE = YES_ERROR;
				CLANG_WARN_DOCUMENTATION_COMMENTS = YES;
				CLANG_WARN_EMPTY_BODY = YES;
				CLANG_WARN_ENUM_CONVERSION = YES;
				CLANG_WARN_INFINITE_RECURSION = YES;
				CLANG_WARN_INT_CONVERSION = YES;
				CLANG_WARN_NON_LITERAL_NULL_CONVERSION = YES;
				CLANG_WARN_OBJC_IMPLICIT_RETAIN_SELF = YES;
				CLANG_WARN_OBJC_LITERAL_CONVERSION = YES;
				CLANG_WARN_OBJC_ROOT_CLASS = YES_ERROR;
				CLANG_WARN_RANGE_LOOP_ANALYSIS = YES;
				CLANG_WARN_STRICT_PROTOTYPES = YES;
				CLANG_WARN_SUSPICIOUS_MOVE = YES;
				CLANG_WARN_UNGUARDED_AVAILABILITY = YES_AGGRESSIVE;
				CLANG_WARN_UNREACHABLE_CODE = YES;
				CLANG_WARN__DUPLICATE_METHOD_MATCH = YES;
				CODE_SIGN_IDENTITY = "iPhone Developer";
				COPY_PHASE_STRIP = NO;
				DEBUG_INFORMATION_FORMAT = dwarf;
				ENABLE_STRICT_OBJC_MSGSEND = YES;
				ENABLE_TESTABILITY = YES;
				GCC_C_LANGUAGE_STANDARD = gnu11;
				GCC_DYNAMIC_NO_PIC = NO;
				GCC_NO_COMMON_BLOCKS = YES;
				GCC_OPTIMIZATION_LEVEL = 0;
				GCC_PREPROCESSOR_DEFINITIONS = (
					"DEBUG=1",
					"$(inherited)",
				);
				GCC_WARN_64_TO_32_BIT_CONVERSION = YES;
				GCC_WARN_ABOUT_RETURN_TYPE = YES_ERROR;
				GCC_WARN_UNDECLARED_SELECTOR = YES;
				GCC_WARN_UNINITIALIZED_AUTOS = YES_AGGRESSIVE;
				GCC_WARN_UNUSED_FUNCTION = YES;
				GCC_WARN_UNUSED_VARIABLE = YES;
				IPHONEOS_DEPLOYMENT_TARGET = 11.4;
				MTL_ENABLE_DEBUG_INFO = YES;
				ONLY_ACTIVE_ARCH = YES;
				SDKROOT = iphoneos;
				SWIFT_ACTIVE_COMPILATION_CONDITIONS = DEBUG;
				SWIFT_OPTIMIZATION_LEVEL = "-Onone";
			};
			name = Debug;
		};
		66C5EA51213A4BD10067FCCA /* Release */ = {
			isa = XCBuildConfiguration;
			buildSettings = {
				ALWAYS_EMBED_SWIFT_STANDARD_LIBRARIES = YES;
				ALWAYS_SEARCH_USER_PATHS = NO;
				CLANG_ANALYZER_NONNULL = YES;
				CLANG_ANALYZER_NUMBER_OBJECT_CONVERSION = YES_AGGRESSIVE;
				CLANG_CXX_LANGUAGE_STANDARD = "gnu++14";
				CLANG_CXX_LIBRARY = "libc++";
				CLANG_ENABLE_MODULES = YES;
				CLANG_ENABLE_OBJC_ARC = YES;
				CLANG_ENABLE_OBJC_WEAK = YES;
				CLANG_WARN_BLOCK_CAPTURE_AUTORELEASING = YES;
				CLANG_WARN_BOOL_CONVERSION = YES;
				CLANG_WARN_COMMA = YES;
				CLANG_WARN_CONSTANT_CONVERSION = YES;
				CLANG_WARN_DEPRECATED_OBJC_IMPLEMENTATIONS = YES;
				CLANG_WARN_DIRECT_OBJC_ISA_USAGE = YES_ERROR;
				CLANG_WARN_DOCUMENTATION_COMMENTS = YES;
				CLANG_WARN_EMPTY_BODY = YES;
				CLANG_WARN_ENUM_CONVERSION = YES;
				CLANG_WARN_INFINITE_RECURSION = YES;
				CLANG_WARN_INT_CONVERSION = YES;
				CLANG_WARN_NON_LITERAL_NULL_CONVERSION = YES;
				CLANG_WARN_OBJC_IMPLICIT_RETAIN_SELF = YES;
				CLANG_WARN_OBJC_LITERAL_CONVERSION = YES;
				CLANG_WARN_OBJC_ROOT_CLASS = YES_ERROR;
				CLANG_WARN_RANGE_LOOP_ANALYSIS = YES;
				CLANG_WARN_STRICT_PROTOTYPES = YES;
				CLANG_WARN_SUSPICIOUS_MOVE = YES;
				CLANG_WARN_UNGUARDED_AVAILABILITY = YES_AGGRESSIVE;
				CLANG_WARN_UNREACHABLE_CODE = YES;
				CLANG_WARN__DUPLICATE_METHOD_MATCH = YES;
				CODE_SIGN_IDENTITY = "iPhone Developer";
				COPY_PHASE_STRIP = NO;
				DEBUG_INFORMATION_FORMAT = "dwarf-with-dsym";
				ENABLE_NS_ASSERTIONS = NO;
				ENABLE_STRICT_OBJC_MSGSEND = YES;
				GCC_C_LANGUAGE_STANDARD = gnu11;
				GCC_NO_COMMON_BLOCKS = YES;
				GCC_WARN_64_TO_32_BIT_CONVERSION = YES;
				GCC_WARN_ABOUT_RETURN_TYPE = YES_ERROR;
				GCC_WARN_UNDECLARED_SELECTOR = YES;
				GCC_WARN_UNINITIALIZED_AUTOS = YES_AGGRESSIVE;
				GCC_WARN_UNUSED_FUNCTION = YES;
				GCC_WARN_UNUSED_VARIABLE = YES;
				IPHONEOS_DEPLOYMENT_TARGET = 11.4;
				MTL_ENABLE_DEBUG_INFO = NO;
				SDKROOT = iphoneos;
				SWIFT_COMPILATION_MODE = wholemodule;
				SWIFT_OPTIMIZATION_LEVEL = "-O";
				VALIDATE_PRODUCT = YES;
			};
			name = Release;
		};
		66C5EA53213A4BD10067FCCA /* Debug */ = {
			isa = XCBuildConfiguration;
			buildSettings = {
				ASSETCATALOG_COMPILER_APPICON_NAME = AppIcon;
				CODE_SIGN_STYLE = Automatic;
				DEVELOPMENT_TEAM = PD2M45WQQD;
				INFOPLIST_FILE = FlickrFrames/Info.plist;
				IPHONEOS_DEPLOYMENT_TARGET = 10.0;
				LD_RUNPATH_SEARCH_PATHS = "@executable_path/Frameworks";
				PRODUCT_BUNDLE_IDENTIFIER = VMP.FlickrFrames;
				PRODUCT_NAME = "$(TARGET_NAME)";
				SWIFT_VERSION = 4.0;
				TARGETED_DEVICE_FAMILY = "1,2";
			};
			name = Debug;
		};
		66C5EA54213A4BD10067FCCA /* Release */ = {
			isa = XCBuildConfiguration;
			buildSettings = {
				ASSETCATALOG_COMPILER_APPICON_NAME = AppIcon;
				CODE_SIGN_STYLE = Automatic;
				DEVELOPMENT_TEAM = PD2M45WQQD;
				INFOPLIST_FILE = FlickrFrames/Info.plist;
				IPHONEOS_DEPLOYMENT_TARGET = 10.0;
				LD_RUNPATH_SEARCH_PATHS = "@executable_path/Frameworks";
				PRODUCT_BUNDLE_IDENTIFIER = VMP.FlickrFrames;
				PRODUCT_NAME = "$(TARGET_NAME)";
				SWIFT_VERSION = 4.0;
				TARGETED_DEVICE_FAMILY = "1,2";
			};
			name = Release;
		};
		66C5EA56213A4BD10067FCCA /* Debug */ = {
			isa = XCBuildConfiguration;
			buildSettings = {
				ALWAYS_EMBED_SWIFT_STANDARD_LIBRARIES = YES;
				BUNDLE_LOADER = "$(TEST_HOST)";
				CODE_SIGN_STYLE = Automatic;
				DEVELOPMENT_TEAM = PD2M45WQQD;
				INFOPLIST_FILE = FlickrFramesTests/Info.plist;
				LD_RUNPATH_SEARCH_PATHS = (
					"$(inherited)",
					"@executable_path/Frameworks",
					"@loader_path/Frameworks",
				);
				PRODUCT_BUNDLE_IDENTIFIER = VMP.FlickrFramesTests;
				PRODUCT_NAME = "$(TARGET_NAME)";
				SWIFT_VERSION = 4.0;
				TARGETED_DEVICE_FAMILY = "1,2";
				TEST_HOST = "$(BUILT_PRODUCTS_DIR)/FlickrFrames.app/FlickrFrames";
			};
			name = Debug;
		};
		66C5EA57213A4BD10067FCCA /* Release */ = {
			isa = XCBuildConfiguration;
			buildSettings = {
				ALWAYS_EMBED_SWIFT_STANDARD_LIBRARIES = YES;
				BUNDLE_LOADER = "$(TEST_HOST)";
				CODE_SIGN_STYLE = Automatic;
				DEVELOPMENT_TEAM = PD2M45WQQD;
				INFOPLIST_FILE = FlickrFramesTests/Info.plist;
				LD_RUNPATH_SEARCH_PATHS = (
					"$(inherited)",
					"@executable_path/Frameworks",
					"@loader_path/Frameworks",
				);
				PRODUCT_BUNDLE_IDENTIFIER = VMP.FlickrFramesTests;
				PRODUCT_NAME = "$(TARGET_NAME)";
				SWIFT_VERSION = 4.0;
				TARGETED_DEVICE_FAMILY = "1,2";
				TEST_HOST = "$(BUILT_PRODUCTS_DIR)/FlickrFrames.app/FlickrFrames";
			};
			name = Release;
		};
/* End XCBuildConfiguration section */

/* Begin XCConfigurationList section */
		66C5EA30213A4BCF0067FCCA /* Build configuration list for PBXProject "FlickrFrames" */ = {
			isa = XCConfigurationList;
			buildConfigurations = (
				66C5EA50213A4BD10067FCCA /* Debug */,
				66C5EA51213A4BD10067FCCA /* Release */,
			);
			defaultConfigurationIsVisible = 0;
			defaultConfigurationName = Release;
		};
		66C5EA52213A4BD10067FCCA /* Build configuration list for PBXNativeTarget "FlickrFrames" */ = {
			isa = XCConfigurationList;
			buildConfigurations = (
				66C5EA53213A4BD10067FCCA /* Debug */,
				66C5EA54213A4BD10067FCCA /* Release */,
			);
			defaultConfigurationIsVisible = 0;
			defaultConfigurationName = Release;
		};
		66C5EA55213A4BD10067FCCA /* Build configuration list for PBXNativeTarget "FlickrFramesTests" */ = {
			isa = XCConfigurationList;
			buildConfigurations = (
				66C5EA56213A4BD10067FCCA /* Debug */,
				66C5EA57213A4BD10067FCCA /* Release */,
			);
			defaultConfigurationIsVisible = 0;
			defaultConfigurationName = Release;
		};
/* End XCConfigurationList section */
	};
	rootObject = 66C5EA2D213A4BCF0067FCCA /* Project object */;
}
